
Microsoft Visual Studio Solution File, Format Version 12.00
# Visual Studio 15
VisualStudioVersion = 15.0.27130.2010
MinimumVisualStudioVersion = 10.0.40219.1
Project("{FAE04EC0-301F-11D3-BF4B-00C04F79EFBC}") = "YazilimYapimiOyunOdevi", "YazilimYapimiOyunOdevi\YazilimYapimiOyunOdevi.csproj", "{97776147-DE26-4558-9CCD-AE2B2059313E}"
EndProject
Global
	GlobalSection(SolutionConfigurationPlatforms) = preSolution
		Debug|Any CPU = Debug|Any CPU
		Release|Any CPU = Release|Any CPU
	EndGlobalSection
	GlobalSection(ProjectConfigurationPlatforms) = postSolution
		{97776147-DE26-4558-9CCD-AE2B2059313E}.Debug|Any CPU.ActiveCfg = Debug|Any CPU
		{97776147-DE26-4558-9CCD-AE2B2059313E}.Debug|Any CPU.Build.0 = Debug|Any CPU
		{97776147-DE26-4558-9CCD-AE2B2059313E}.Release|Any CPU.ActiveCfg = Release|Any CPU
		{97776147-DE26-4558-9CCD-AE2B2059313E}.Release|Any CPU.Build.0 = Release|Any CPU
	EndGlobalSection
	GlobalSection(SolutionProperties) = preSolution
		HideSolutionNode = FALSE
	EndGlobalSection
	GlobalSection(ExtensibilityGlobals) = postSolution
		SolutionGuid = {BD4FB65D-4050-4F23-979C-44E4BD7F1AFF}
	EndGlobalSection
EndGlobal
